
Microsoft Visual Studio Solution File, Format Version 12.00
# Visual Studio Version 17
VisualStudioVersion = 17.8.34408.163
MinimumVisualStudioVersion = 10.0.40219.1
Project("{FAE04EC0-301F-11D3-BF4B-00C04F79EFBC}") = "Poc.Crud", "Poc.Crud.csproj", "{9C2CC3ED-8420-4460-9961-BC50A0BD7820}"
EndProject
Global
	GlobalSection(SolutionConfigurationPlatforms) = preSolution
		Debug|Any CPU = Debug|Any CPU
		Release|Any CPU = Release|Any CPU
	EndGlobalSection
	GlobalSection(ProjectConfigurationPlatforms) = postSolution
		{9C2CC3ED-8420-4460-9961-BC50A0BD7820}.Debug|Any CPU.ActiveCfg = Debug|Any CPU
		{9C2CC3ED-8420-4460-9961-BC50A0BD7820}.Debug|Any CPU.Build.0 = Debug|Any CPU
		{9C2CC3ED-8420-4460-9961-BC50A0BD7820}.Release|Any CPU.ActiveCfg = Release|Any CPU
		{9C2CC3ED-8420-4460-9961-BC50A0BD7820}.Release|Any CPU.Build.0 = Release|Any CPU
	EndGlobalSection
	GlobalSection(SolutionProperties) = preSolution
		HideSolutionNode = FALSE
	EndGlobalSection
	GlobalSection(ExtensibilityGlobals) = postSolution
		SolutionGuid = {ADBDEB69-4882-4B6B-BABF-306026ED7896}
	EndGlobalSection
EndGlobal
